
Microsoft Visual Studio Solution File, Format Version 12.00
# Visual Studio Version 16
VisualStudioVersion = 16.0.29926.136
MinimumVisualStudioVersion = 10.0.40219.1
Project("{9A19103F-16F7-4668-BE54-9A1E7A4F7556}") = "TccSpeech.Api", "src\TccSpeech.Api\TccSpeech.Api.csproj", "{453FA505-2380-401B-860E-7DEC43FE26DC}"
EndProject
Global
	GlobalSection(SolutionConfigurationPlatforms) = preSolution
		Debug|Any CPU = Debug|Any CPU
		Release|Any CPU = Release|Any CPU
	EndGlobalSection
	GlobalSection(ProjectConfigurationPlatforms) = postSolution
		{453FA505-2380-401B-860E-7DEC43FE26DC}.Debug|Any CPU.ActiveCfg = Debug|Any CPU
		{453FA505-2380-401B-860E-7DEC43FE26DC}.Debug|Any CPU.Build.0 = Debug|Any CPU
		{453FA505-2380-401B-860E-7DEC43FE26DC}.Release|Any CPU.ActiveCfg = Release|Any CPU
		{453FA505-2380-401B-860E-7DEC43FE26DC}.Release|Any CPU.Build.0 = Release|Any CPU
	EndGlobalSection
	GlobalSection(SolutionProperties) = preSolution
		HideSolutionNode = FALSE
	EndGlobalSection
	GlobalSection(ExtensibilityGlobals) = postSolution
		SolutionGuid = {E7E565DA-0B26-43B2-83C9-CC83A01A4BBE}
	EndGlobalSection
EndGlobal
